
Microsoft Visual Studio Solution File, Format Version 12.00
# Visual Studio 2017
Project("{FAE04EC0-301F-11D3-BF4B-00C04F79EFBC}") = "weather", "weather.csproj", "{EE3D6686-1CB0-9918-3171-B03B60F1D897}"
EndProject
Project("{FAE04EC0-301F-11D3-BF4B-00C04F79EFBC}") = "weather.Editor", "weather.Editor.csproj", "{4545117F-9A7E-4461-4CB9-A25F32E969A7}"
EndProject
Global
	GlobalSection(SolutionConfigurationPlatforms) = preSolution
		Debug|Any CPU = Debug|Any CPU
		Release|Any CPU = Release|Any CPU
	EndGlobalSection
	GlobalSection(ProjectConfigurationPlatforms) = postSolution
		{EE3D6686-1CB0-9918-3171-B03B60F1D897}.Debug|Any CPU.ActiveCfg = Debug|Any CPU
		{EE3D6686-1CB0-9918-3171-B03B60F1D897}.Debug|Any CPU.Build.0 = Debug|Any CPU
		{EE3D6686-1CB0-9918-3171-B03B60F1D897}.Release|Any CPU.ActiveCfg = Release|Any CPU
		{EE3D6686-1CB0-9918-3171-B03B60F1D897}.Release|Any CPU.Build.0 = Release|Any CPU
		{4545117F-9A7E-4461-4CB9-A25F32E969A7}.Debug|Any CPU.ActiveCfg = Debug|Any CPU
		{4545117F-9A7E-4461-4CB9-A25F32E969A7}.Debug|Any CPU.Build.0 = Debug|Any CPU
		{4545117F-9A7E-4461-4CB9-A25F32E969A7}.Release|Any CPU.ActiveCfg = Release|Any CPU
		{4545117F-9A7E-4461-4CB9-A25F32E969A7}.Release|Any CPU.Build.0 = Release|Any CPU
	EndGlobalSection
	GlobalSection(SolutionProperties) = preSolution
		HideSolutionNode = FALSE
	EndGlobalSection
EndGlobal
